Microsoft Visual Studio Solution File, Format Version 12.00
# Visual Studio Version 17
VisualStudioVersion = 17.5.2.0
MinimumVisualStudioVersion = 10.0.40219.1
Project("{FAE04EC0-301F-11D3-BF4B-00C04F79EFBC}") = "RabbitMQSetup", "RabbitMQSetup.csproj", "{E41200C7-0214-DB43-7077-6A11E966F4A2}"
EndProject
Global
	GlobalSection(SolutionConfigurationPlatforms) = preSolution
		Debug|Any CPU = Debug|Any CPU
		Release|Any CPU = Release|Any CPU
	EndGlobalSection
	GlobalSection(ProjectConfigurationPlatforms) = postSolution
		{E41200C7-0214-DB43-7077-6A11E966F4A2}.Debug|Any CPU.ActiveCfg = Debug|Any CPU
		{E41200C7-0214-DB43-7077-6A11E966F4A2}.Debug|Any CPU.Build.0 = Debug|Any CPU
		{E41200C7-0214-DB43-7077-6A11E966F4A2}.Release|Any CPU.ActiveCfg = Release|Any CPU
		{E41200C7-0214-DB43-7077-6A11E966F4A2}.Release|Any CPU.Build.0 = Release|Any CPU
	EndGlobalSection
	GlobalSection(SolutionProperties) = preSolution
		HideSolutionNode = FALSE
	EndGlobalSection
	GlobalSection(ExtensibilityGlobals) = postSolution
		SolutionGuid = {4139E804-B5F9-4799-863C-CD014AB225DA}
	EndGlobalSection
EndGlobal
